
Microsoft Visual Studio Solution File, Format Version 12.00
# Visual Studio 14
VisualStudioVersion = 14.0.25420.1
MinimumVisualStudioVersion = 10.0.40219.1
Project("{FAE04EC0-301F-11D3-BF4B-00C04F79EFBC}") = "Proyecto_web", "Proyecto_web\Proyecto_web.csproj", "{C43D3EFB-6BEF-4859-8DFB-4FECD9C83811}"
EndProject
Project("{FAE04EC0-301F-11D3-BF4B-00C04F79EFBC}") = "Datos", "Datos\Datos.csproj", "{47220064-9CEE-4797-88B7-74E13DDA8A5D}"
EndProject
Project("{FAE04EC0-301F-11D3-BF4B-00C04F79EFBC}") = "Entidad", "Entidad\Entidad.csproj", "{9F906851-518E-4F19-916F-93967936CD57}"
EndProject
Project("{FAE04EC0-301F-11D3-BF4B-00C04F79EFBC}") = "Negocio", "Negocio\Negocio.csproj", "{A85DE5C8-3866-43C8-8E71-9B503EFC2F6F}"
EndProject
Global
	GlobalSection(SolutionConfigurationPlatforms) = preSolution
		Debug|Any CPU = Debug|Any CPU
		Release|Any CPU = Release|Any CPU
	EndGlobalSection
	GlobalSection(ProjectConfigurationPlatforms) = postSolution
		{C43D3EFB-6BEF-4859-8DFB-4FECD9C83811}.Debug|Any CPU.ActiveCfg = Debug|Any CPU
		{C43D3EFB-6BEF-4859-8DFB-4FECD9C83811}.Debug|Any CPU.Build.0 = Debug|Any CPU
		{C43D3EFB-6BEF-4859-8DFB-4FECD9C83811}.Release|Any CPU.ActiveCfg = Release|Any CPU
		{C43D3EFB-6BEF-4859-8DFB-4FECD9C83811}.Release|Any CPU.Build.0 = Release|Any CPU
		{47220064-9CEE-4797-88B7-74E13DDA8A5D}.Debug|Any CPU.ActiveCfg = Debug|Any CPU
		{47220064-9CEE-4797-88B7-74E13DDA8A5D}.Debug|Any CPU.Build.0 = Debug|Any CPU
		{47220064-9CEE-4797-88B7-74E13DDA8A5D}.Release|Any CPU.ActiveCfg = Release|Any CPU
		{47220064-9CEE-4797-88B7-74E13DDA8A5D}.Release|Any CPU.Build.0 = Release|Any CPU
		{9F906851-518E-4F19-916F-93967936CD57}.Debug|Any CPU.ActiveCfg = Debug|Any CPU
		{9F906851-518E-4F19-916F-93967936CD57}.Debug|Any CPU.Build.0 = Debug|Any CPU
		{9F906851-518E-4F19-916F-93967936CD57}.Release|Any CPU.ActiveCfg = Release|Any CPU
		{9F906851-518E-4F19-916F-93967936CD57}.Release|Any CPU.Build.0 = Release|Any CPU
		{A85DE5C8-3866-43C8-8E71-9B503EFC2F6F}.Debug|Any CPU.ActiveCfg = Debug|Any CPU
		{A85DE5C8-3866-43C8-8E71-9B503EFC2F6F}.Debug|Any CPU.Build.0 = Debug|Any CPU
		{A85DE5C8-3866-43C8-8E71-9B503EFC2F6F}.Release|Any CPU.ActiveCfg = Release|Any CPU
		{A85DE5C8-3866-43C8-8E71-9B503EFC2F6F}.Release|Any CPU.Build.0 = Release|Any CPU
	EndGlobalSection
	GlobalSection(SolutionProperties) = preSolution
		HideSolutionNode = FALSE
	EndGlobalSection
EndGlobal
